// !$*UTF8*$!
{
	archiveVersion = 1;
	classes = {
	};
	objectVersion = 56;
	objects = {

/* Begin PBXBuildFile section */
		B74C00D42B82B0A100A27610 /* CircleButtonAnimation.swift in Sources */ = {isa = PBXBuildFile; fileRef = B74C00D32B82B0A100A27610 /* CircleButtonAnimation.swift */; };
		B75ED82B2B80862600D56210 /* HomeView.swift in Sources */ = {isa = PBXBuildFile; fileRef = B75ED82A2B80862600D56210 /* HomeView.swift */; };
		B7978A552B7F461800AA6D96 /* CircleButton.swift in Sources */ = {isa = PBXBuildFile; fileRef = B7978A542B7F461800AA6D96 /* CircleButton.swift */; };
		B7B7156F2B2E607B001BAE25 /* iamWeatherApp.swift in Sources */ = {isa = PBXBuildFile; fileRef = B7B7156E2B2E607B001BAE25 /* iamWeatherApp.swift */; };
		B7B715712B2E607B001BAE25 /* ContentView.swift in Sources */ = {isa = PBXBuildFile; fileRef = B7B715702B2E607B001BAE25 /* ContentView.swift */; };
		B7B715732B2E607C001BAE25 /* Assets.xcassets in Resources */ = {isa = PBXBuildFile; fileRef = B7B715722B2E607C001BAE25 /* Assets.xcassets */; };
		B7B715762B2E607C001BAE25 /* Preview Assets.xcassets in Resources */ = {isa = PBXBuildFile; fileRef = B7B715752B2E607C001BAE25 /* Preview Assets.xcassets */; };
/* End PBXBuildFile section */

/* Begin PBXContainerItemProxy section */
		B7BE2C722B7199480066FA60 /* PBXContainerItemProxy */ = {
			isa = PBXContainerItemProxy;
			containerPortal = B7BE2C6D2B7199470066FA60 /* ilwork.xcodeproj */;
			proxyType = 2;
			remoteGlobalIDString = B7BE2C532B7199470066FA60;
			remoteInfo = ilwork;
		};
		B7BE2C742B7199480066FA60 /* PBXContainerItemProxy */ = {
			isa = PBXContainerItemProxy;
			containerPortal = B7BE2C6D2B7199470066FA60 /* ilwork.xcodeproj */;
			proxyType = 2;
			remoteGlobalIDString = B7BE2C5D2B7199470066FA60;
			remoteInfo = ilworkTests;
		};
/* End PBXContainerItemProxy section */

/* Begin PBXFileReference section */
		B74C00D32B82B0A100A27610 /* CircleButtonAnimation.swift */ = {isa = PBXFileReference; lastKnownFileType = sourcecode.swift; path = CircleButtonAnimation.swift; sourceTree = "<group>"; };
		B75ED82A2B80862600D56210 /* HomeView.swift */ = {isa = PBXFileReference; lastKnownFileType = sourcecode.swift; path = HomeView.swift; sourceTree = "<group>"; };
		B7978A542B7F461800AA6D96 /* CircleButton.swift */ = {isa = PBXFileReference; lastKnownFileType = sourcecode.swift; path = CircleButton.swift; sourceTree = "<group>"; };
		B7B7156B2B2E607B001BAE25 /* iamWeather.app */ = {isa = PBXFileReference; explicitFileType = wrapper.application; includeInIndex = 0; path = iamWeather.app; sourceTree = BUILT_PRODUCTS_DIR; };
		B7B7156E2B2E607B001BAE25 /* iamWeatherApp.swift */ = {isa = PBXFileReference; lastKnownFileType = sourcecode.swift; path = iamWeatherApp.swift; sourceTree = "<group>"; };
		B7B715702B2E607B001BAE25 /* ContentView.swift */ = {isa = PBXFileReference; lastKnownFileType = sourcecode.swift; path = ContentView.swift; sourceTree = "<group>"; };
		B7B715722B2E607C001BAE25 /* Assets.xcassets */ = {isa = PBXFileReference; lastKnownFileType = folder.assetcatalog; path = Assets.xcassets; sourceTree = "<group>"; };
		B7B715752B2E607C001BAE25 /* Preview Assets.xcassets */ = {isa = PBXFileReference; lastKnownFileType = folder.assetcatalog; path = "Preview Assets.xcassets"; sourceTree = "<group>"; };
		B7BE2C6D2B7199470066FA60 /* ilwork.xcodeproj */ = {isa = PBXFileReference; lastKnownFileType = "wrapper.pb-project"; name = ilwork.xcodeproj; path = ../ilwork/ilwork.xcodeproj; sourceTree = "<group>"; };
/* End PBXFileReference section */

/* Begin PBXFrameworksBuildPhase section */
		B7B715682B2E607B001BAE25 /* Frameworks */ = {
			isa = PBXFrameworksBuildPhase;
			buildActionMask = 2147483647;
			files = (
			);
			runOnlyForDeploymentPostprocessing = 0;
		};
/* End PBXFrameworksBuildPhase section */

/* Begin PBXGroup section */
		B7978A4D2B7F459B00AA6D96 /* Extensions */ = {
			isa = PBXGroup;
			children = (
			);
			path = Extensions;
			sourceTree = "<group>";
		};
		B7978A4E2B7F45A700AA6D96 /* Core */ = {
			isa = PBXGroup;
			children = (
				B7978A502B7F45C700AA6D96 /* Home */,
				B7978A4F2B7F45B200AA6D96 /* Components */,
			);
			path = Core;
			sourceTree = "<group>";
		};
		B7978A4F2B7F45B200AA6D96 /* Components */ = {
			isa = PBXGroup;
			children = (
				B7978A532B7F460300AA6D96 /* CircleButton */,
			);
			path = Components;
			sourceTree = "<group>";
		};
		B7978A502B7F45C700AA6D96 /* Home */ = {
			isa = PBXGroup;
			children = (
				B7978A522B7F45D800AA6D96 /* Views */,
				B7978A512B7F45CE00AA6D96 /* ViewModels */,
			);
			path = Home;
			sourceTree = "<group>";
		};
		B7978A512B7F45CE00AA6D96 /* ViewModels */ = {
			isa = PBXGroup;
			children = (
			);
			path = ViewModels;
			sourceTree = "<group>";
		};
		B7978A522B7F45D800AA6D96 /* Views */ = {
			isa = PBXGroup;
			children = (
				B75ED82A2B80862600D56210 /* HomeView.swift */,
			);
			path = Views;
			sourceTree = "<group>";
		};
		B7978A532B7F460300AA6D96 /* CircleButton */ = {
			isa = PBXGroup;
			children = (
				B7978A542B7F461800AA6D96 /* CircleButton.swift */,
				B74C00D32B82B0A100A27610 /* CircleButtonAnimation.swift */,
			);
			path = CircleButton;
			sourceTree = "<group>";
		};
		B7B715622B2E607B001BAE25 = {
			isa = PBXGroup;
			children = (
				B7BE2C6D2B7199470066FA60 /* ilwork.xcodeproj */,
				B7B7156D2B2E607B001BAE25 /* iamWeather */,
				B7B7156C2B2E607B001BAE25 /* Products */,
			);
			sourceTree = "<group>";
		};
		B7B7156C2B2E607B001BAE25 /* Products */ = {
			isa = PBXGroup;
			children = (
				B7B7156B2B2E607B001BAE25 /* iamWeather.app */,
			);
			name = Products;
			sourceTree = "<group>";
		};
		B7B7156D2B2E607B001BAE25 /* iamWeather */ = {
			isa = PBXGroup;
			children = (
				B7978A4E2B7F45A700AA6D96 /* Core */,
				B7978A4D2B7F459B00AA6D96 /* Extensions */,
				B7B7156E2B2E607B001BAE25 /* iamWeatherApp.swift */,
				B7B715702B2E607B001BAE25 /* ContentView.swift */,
				B7B715722B2E607C001BAE25 /* Assets.xcassets */,
				B7B715742B2E607C001BAE25 /* Preview Content */,
			);
			path = iamWeather;
			sourceTree = "<group>";
		};
		B7B715742B2E607C001BAE25 /* Preview Content */ = {
			isa = PBXGroup;
			children = (
				B7B715752B2E607C001BAE25 /* Preview Assets.xcassets */,
			);
			path = "Preview Content";
			sourceTree = "<group>";
		};
		B7BE2C6E2B7199470066FA60 /* Products */ = {
			isa = PBXGroup;
			children = (
				B7BE2C732B7199480066FA60 /* ilwork.framework */,
				B7BE2C752B7199480066FA60 /* ilworkTests.xctest */,
			);
			name = Products;
			sourceTree = "<group>";
		};
/* End PBXGroup section */

/* Begin PBXNativeTarget section */
		B7B7156A2B2E607B001BAE25 /* iamWeather */ = {
			isa = PBXNativeTarget;
			buildConfigurationList = B7B715792B2E607C001BAE25 /* Build configuration list for PBXNativeTarget "iamWeather" */;
			buildPhases = (
				B7B715672B2E607B001BAE25 /* Sources */,
				B7B715682B2E607B001BAE25 /* Frameworks */,
				B7B715692B2E607B001BAE25 /* Resources */,
			);
			buildRules = (
			);
			dependencies = (
			);
			name = iamWeather;
			productName = iamWeather;
			productReference = B7B7156B2B2E607B001BAE25 /* iamWeather.app */;
			productType = "com.apple.product-type.application";
		};
/* End PBXNativeTarget section */

/* Begin PBXProject section */
		B7B715632B2E607B001BAE25 /* Project object */ = {
			isa = PBXProject;
			attributes = {
				BuildIndependentTargetsInParallel = 1;
				LastSwiftUpdateCheck = 1500;
				LastUpgradeCheck = 1500;
				TargetAttributes = {
					B7B7156A2B2E607B001BAE25 = {
						CreatedOnToolsVersion = 15.0.1;
					};
				};
			};
			buildConfigurationList = B7B715662B2E607B001BAE25 /* Build configuration list for PBXProject "iamWeather" */;
			compatibilityVersion = "Xcode 14.0";
			developmentRegion = en;
			hasScannedForEncodings = 0;
			knownRegions = (
				en,
				Base,
			);
			mainGroup = B7B715622B2E607B001BAE25;
			productRefGroup = B7B7156C2B2E607B001BAE25 /* Products */;
			projectDirPath = "";
			projectReferences = (
				{
					ProductGroup = B7BE2C6E2B7199470066FA60 /* Products */;
					ProjectRef = B7BE2C6D2B7199470066FA60 /* ilwork.xcodeproj */;
				},
			);
			projectRoot = "";
			targets = (
				B7B7156A2B2E607B001BAE25 /* iamWeather */,
			);
		};
/* End PBXProject section */

/* Begin PBXReferenceProxy section */
		B7BE2C732B7199480066FA60 /* ilwork.framework */ = {
			isa = PBXReferenceProxy;
			fileType = wrapper.framework;
			path = ilwork.framework;
			remoteRef = B7BE2C722B7199480066FA60 /* PBXContainerItemProxy */;
			sourceTree = BUILT_PRODUCTS_DIR;
		};
		B7BE2C752B7199480066FA60 /* ilworkTests.xctest */ = {
			isa = PBXReferenceProxy;
			fileType = wrapper.cfbundle;
			path = ilworkTests.xctest;
			remoteRef = B7BE2C742B7199480066FA60 /* PBXContainerItemProxy */;
			sourceTree = BUILT_PRODUCTS_DIR;
		};
/* End PBXReferenceProxy section */

/* Begin PBXResourcesBuildPhase section */
		B7B715692B2E607B001BAE25 /* Resources */ = {
			isa = PBXResourcesBuildPhase;
			buildActionMask = 2147483647;
			files = (
				B7B715762B2E607C001BAE25 /* Preview Assets.xcassets in Resources */,
				B7B715732B2E607C001BAE25 /* Assets.xcassets in Resources */,
			);
			runOnlyForDeploymentPostprocessing = 0;
		};
/* End PBXResourcesBuildPhase section */

/* Begin PBXSourcesBuildPhase section */
		B7B715672B2E607B001BAE25 /* Sources */ = {
			isa = PBXSourcesBuildPhase;
			buildActionMask = 2147483647;
			files = (
				B7978A552B7F461800AA6D96 /* CircleButton.swift in Sources */,
				B75ED82B2B80862600D56210 /* HomeView.swift in Sources */,
				B74C00D42B82B0A100A27610 /* CircleButtonAnimation.swift in Sources */,
				B7B715712B2E607B001BAE25 /* ContentView.swift in Sources */,
				B7B7156F2B2E607B001BAE25 /* iamWeatherApp.swift in Sources */,
			);
			runOnlyForDeploymentPostprocessing = 0;
		};
/* End PBXSourcesBuildPhase section */

/* Begin XCBuildConfiguration section */
		B7B715772B2E607C001BAE25 /* Debug */ = {
			isa = XCBuildConfiguration;
			buildSettings = {
				ALWAYS_SEARCH_USER_PATHS = NO;
				ASSETCATALOG_COMPILER_GENERATE_SWIFT_ASSET_SYMBOL_EXTENSIONS = YES;
				CLANG_ANALYZER_NONNULL = YES;
				CLANG_ANALYZER_NUMBER_OBJECT_CONVERSION = YES_AGGRESSIVE;
				CLANG_CXX_LANGUAGE_STANDARD = "gnu++20";
				CLANG_ENABLE_MODULES = YES;
				CLANG_ENABLE_OBJC_ARC = YES;
				CLANG_ENABLE_OBJC_WEAK = YES;
				CLANG_WARN_BLOCK_CAPTURE_AUTORELEASING = YES;
				CLANG_WARN_BOOL_CONVERSION = YES;
				CLANG_WARN_COMMA = YES;
				CLANG_WARN_CONSTANT_CONVERSION = YES;
				CLANG_WARN_DEPRECATED_OBJC_IMPLEMENTATIONS = YES;
				CLANG_WARN_DIRECT_OBJC_ISA_USAGE = YES_ERROR;
				CLANG_WARN_DOCUMENTATION_COMMENTS = YES;
				CLANG_WARN_EMPTY_BODY = YES;
				CLANG_WARN_ENUM_CONVERSION = YES;
				CLANG_WARN_INFINITE_RECURSION = YES;
				CLANG_WARN_INT_CONVERSION = YES;
				CLANG_WARN_NON_LITERAL_NULL_CONVERSION = YES;
				CLANG_WARN_OBJC_IMPLICIT_RETAIN_SELF = YES;
				CLANG_WARN_OBJC_LITERAL_CONVERSION = YES;
				CLANG_WARN_OBJC_ROOT_CLASS = YES_ERROR;
				CLANG_WARN_QUOTED_INCLUDE_IN_FRAMEWORK_HEADER = YES;
				CLANG_WARN_RANGE_LOOP_ANALYSIS = YES;
				CLANG_WARN_STRICT_PROTOTYPES = YES;
				CLANG_WARN_SUSPICIOUS_MOVE = YES;
				CLANG_WARN_UNGUARDED_AVAILABILITY = YES_AGGRESSIVE;
				CLANG_WARN_UNREACHABLE_CODE = YES;
				CLANG_WARN__DUPLICATE_METHOD_MATCH = YES;
				COPY_PHASE_STRIP = NO;
				DEBUG_INFORMATION_FORMAT = dwarf;
				ENABLE_STRICT_OBJC_MSGSEND = YES;
				ENABLE_TESTABILITY = YES;
				ENABLE_USER_SCRIPT_SANDBOXING = YES;
				GCC_C_LANGUAGE_STANDARD = gnu17;
				GCC_DYNAMIC_NO_PIC = NO;
				GCC_NO_COMMON_BLOCKS = YES;
				GCC_OPTIMIZATION_LEVEL = 0;
				GCC_PREPROCESSOR_DEFINITIONS = (
					"DEBUG=1",
					"$(inherited)",
				);
				GCC_WARN_64_TO_32_BIT_CONVERSION = YES;
				GCC_WARN_ABOUT_RETURN_TYPE = YES_ERROR;
				GCC_WARN_UNDECLARED_SELECTOR = YES;
				GCC_WARN_UNINITIALIZED_AUTOS = YES_AGGRESSIVE;
				GCC_WARN_UNUSED_FUNCTION = YES;
				GCC_WARN_UNUSED_VARIABLE = YES;
				IPHONEOS_DEPLOYMENT_TARGET = 17.0;
				LOCALIZATION_PREFERS_STRING_CATALOGS = YES;
				MTL_ENABLE_DEBUG_INFO = INCLUDE_SOURCE;
				MTL_FAST_MATH = YES;
				ONLY_ACTIVE_ARCH = YES;
				SDKROOT = iphoneos;
				SWIFT_ACTIVE_COMPILATION_CONDITIONS = "DEBUG $(inherited)";
				SWIFT_OPTIMIZATION_LEVEL = "-Onone";
			};
			name = Debug;
		};
		B7B715782B2E607C001BAE25 /* Release */ = {
			isa = XCBuildConfiguration;
			buildSettings = {
				ALWAYS_SEARCH_USER_PATHS = NO;
				ASSETCATALOG_COMPILER_GENERATE_SWIFT_ASSET_SYMBOL_EXTENSIONS = YES;
				CLANG_ANALYZER_NONNULL = YES;
				CLANG_ANALYZER_NUMBER_OBJECT_CONVERSION = YES_AGGRESSIVE;
				CLANG_CXX_LANGUAGE_STANDARD = "gnu++20";
				CLANG_ENABLE_MODULES = YES;
				CLANG_ENABLE_OBJC_ARC = YES;
				CLANG_ENABLE_OBJC_WEAK = YES;
				CLANG_WARN_BLOCK_CAPTURE_AUTORELEASING = YES;
				CLANG_WARN_BOOL_CONVERSION = YES;
				CLANG_WARN_COMMA = YES;
				CLANG_WARN_CONSTANT_CONVERSION = YES;
				CLANG_WARN_DEPRECATED_OBJC_IMPLEMENTATIONS = YES;
				CLANG_WARN_DIRECT_OBJC_ISA_USAGE = YES_ERROR;
				CLANG_WARN_DOCUMENTATION_COMMENTS = YES;
				CLANG_WARN_EMPTY_BODY = YES;
				CLANG_WARN_ENUM_CONVERSION = YES;
				CLANG_WARN_INFINITE_RECURSION = YES;
				CLANG_WARN_INT_CONVERSION = YES;
				CLANG_WARN_NON_LITERAL_NULL_CONVERSION = YES;
				CLANG_WARN_OBJC_IMPLICIT_RETAIN_SELF = YES;
				CLANG_WARN_OBJC_LITERAL_CONVERSION = YES;
				CLANG_WARN_OBJC_ROOT_CLASS = YES_ERROR;
				CLANG_WARN_QUOTED_INCLUDE_IN_FRAMEWORK_HEADER = YES;
				CLANG_WARN_RANGE_LOOP_ANALYSIS = YES;
				CLANG_WARN_STRICT_PROTOTYPES = YES;
				CLANG_WARN_SUSPICIOUS_MOVE = YES;
				CLANG_WARN_UNGUARDED_AVAILABILITY = YES_AGGRESSIVE;
				CLANG_WARN_UNREACHABLE_CODE = YES;
				CLANG_WARN__DUPLICATE_METHOD_MATCH = YES;
				COPY_PHASE_STRIP = NO;
				DEBUG_INFORMATION_FORMAT = "dwarf-with-dsym";
				ENABLE_NS_ASSERTIONS = NO;
				ENABLE_STRICT_OBJC_MSGSEND = YES;
				ENABLE_USER_SCRIPT_SANDBOXING = YES;
				GCC_C_LANGUAGE_STANDARD = gnu17;
				GCC_NO_COMMON_BLOCKS = YES;
				GCC_WARN_64_TO_32_BIT_CONVERSION = YES;
				GCC_WARN_ABOUT_RETURN_TYPE = YES_ERROR;
				GCC_WARN_UNDECLARED_SELECTOR = YES;
				GCC_WARN_UNINITIALIZED_AUTOS = YES_AGGRESSIVE;
				GCC_WARN_UNUSED_FUNCTION = YES;
				GCC_WARN_UNUSED_VARIABLE = YES;
				IPHONEOS_DEPLOYMENT_TARGET = 17.0;
				LOCALIZATION_PREFERS_STRING_CATALOGS = YES;
				MTL_ENABLE_DEBUG_INFO = NO;
				MTL_FAST_MATH = YES;
				SDKROOT = iphoneos;
				SWIFT_COMPILATION_MODE = wholemodule;
				VALIDATE_PRODUCT = YES;
			};
			name = Release;
		};
		B7B7157A2B2E607C001BAE25 /* Debug */ = {
			isa = XCBuildConfiguration;
			buildSettings = {
				ASSETCATALOG_COMPILER_APPICON_NAME = AppIcon;
				ASSETCATALOG_COMPILER_GLOBAL_ACCENT_COLOR_NAME = AccentColor;
				CODE_SIGN_STYLE = Automatic;
				CURRENT_PROJECT_VERSION = 1;
				DEVELOPMENT_ASSET_PATHS = "\"iamWeather/Preview Content\"";
				DEVELOPMENT_TEAM = SVNG4U97KZ;
				ENABLE_PREVIEWS = YES;
				GENERATE_INFOPLIST_FILE = YES;
				INFOPLIST_KEY_UIApplicationSceneManifest_Generation = YES;
				INFOPLIST_KEY_UIApplicationSupportsIndirectInputEvents = YES;
				INFOPLIST_KEY_UILaunchScreen_Generation = YES;
				INFOPLIST_KEY_UISupportedInterfaceOrientations_iPad = "UIInterfaceOrientationPortrait UIInterfaceOrientationPortraitUpsideDown UIInterfaceOrientationLandscapeLeft UIInterfaceOrientationLandscapeRight";
				INFOPLIST_KEY_UISupportedInterfaceOrientations_iPhone = "UIInterfaceOrientationPortrait UIInterfaceOrientationLandscapeLeft UIInterfaceOrientationLandscapeRight";
				LD_RUNPATH_SEARCH_PATHS = (
					"$(inherited)",
					"@executable_path/Frameworks",
				);
				MARKETING_VERSION = 1.0;
				PRODUCT_BUNDLE_IDENTIFIER = com.mobile.iamWeather;
				PRODUCT_NAME = "$(TARGET_NAME)";
				SWIFT_EMIT_LOC_STRINGS = YES;
				SWIFT_VERSION = 5.0;
				TARGETED_DEVICE_FAMILY = "1,2";
			};
			name = Debug;
		};
		B7B7157B2B2E607C001BAE25 /* Release */ = {
			isa = XCBuildConfiguration;
			buildSettings = {
				ASSETCATALOG_COMPILER_APPICON_NAME = AppIcon;
				ASSETCATALOG_COMPILER_GLOBAL_ACCENT_COLOR_NAME = AccentColor;
				CODE_SIGN_STYLE = Automatic;
				CURRENT_PROJECT_VERSION = 1;
				DEVELOPMENT_ASSET_PATHS = "\"iamWeather/Preview Content\"";
				DEVELOPMENT_TEAM = SVNG4U97KZ;
				ENABLE_PREVIEWS = YES;
				GENERATE_INFOPLIST_FILE = YES;
				INFOPLIST_KEY_UIApplicationSceneManifest_Generation = YES;
				INFOPLIST_KEY_UIApplicationSupportsIndirectInputEvents = YES;
				INFOPLIST_KEY_UILaunchScreen_Generation = YES;
				INFOPLIST_KEY_UISupportedInterfaceOrientations_iPad = "UIInterfaceOrientationPortrait UIInterfaceOrientationPortraitUpsideDown UIInterfaceOrientationLandscapeLeft UIInterfaceOrientationLandscapeRight";
				INFOPLIST_KEY_UISupportedInterfaceOrientations_iPhone = "UIInterfaceOrientationPortrait UIInterfaceOrientationLandscapeLeft UIInterfaceOrientationLandscapeRight";
				LD_RUNPATH_SEARCH_PATHS = (
					"$(inherited)",
					"@executable_path/Frameworks",
				);
				MARKETING_VERSION = 1.0;
				PRODUCT_BUNDLE_IDENTIFIER = com.mobile.iamWeather;
				PRODUCT_NAME = "$(TARGET_NAME)";
				SWIFT_EMIT_LOC_STRINGS = YES;
				SWIFT_VERSION = 5.0;
				TARGETED_DEVICE_FAMILY = "1,2";
			};
			name = Release;
		};
/* End XCBuildConfiguration section */

/* Begin XCConfigurationList section */
		B7B715662B2E607B001BAE25 /* Build configuration list for PBXProject "iamWeather" */ = {
			isa = XCConfigurationList;
			buildConfigurations = (
				B7B715772B2E607C001BAE25 /* Debug */,
				B7B715782B2E607C001BAE25 /* Release */,
			);
			defaultConfigurationIsVisible = 0;
			defaultConfigurationName = Release;
		};
		B7B715792B2E607C001BAE25 /* Build configuration list for PBXNativeTarget "iamWeather" */ = {
			isa = XCConfigurationList;
			buildConfigurations = (
				B7B7157A2B2E607C001BAE25 /* Debug */,
				B7B7157B2B2E607C001BAE25 /* Release */,
			);
			defaultConfigurationIsVisible = 0;
			defaultConfigurationName = Release;
		};
/* End XCConfigurationList section */
	};
	rootObject = B7B715632B2E607B001BAE25 /* Project object */;
}
